
Microsoft Visual Studio Solution File, Format Version 12.00
# Visual Studio Version 16
VisualStudioVersion = 16.0.30320.27
MinimumVisualStudioVersion = 10.0.40219.1
Project("{FAE04EC0-301F-11D3-BF4B-00C04F79EFBC}") = "DashboardAsync", "DashboardAsync\DashboardAsync.csproj", "{0BA16DCE-BD52-4058-95AB-8FB942C7B764}"
EndProject
Project("{FAE04EC0-301F-11D3-BF4B-00C04F79EFBC}") = "SensorAsync", "SensorAsync\SensorAsync.csproj", "{7D895C95-B2E6-4A51-A309-061DBCF941E7}"
EndProject
Project("{FAE04EC0-301F-11D3-BF4B-00C04F79EFBC}") = "MiniTensile", "MiniTensile\MiniTensile.csproj", "{33A783BC-682D-4380-A5C7-8EAD3EDA5771}"
EndProject
Global
	GlobalSection(SolutionConfigurationPlatforms) = preSolution
		Debug|Any CPU = Debug|Any CPU
		Release|Any CPU = Release|Any CPU
	EndGlobalSection
	GlobalSection(ProjectConfigurationPlatforms) = postSolution
		{0BA16DCE-BD52-4058-95AB-8FB942C7B764}.Debug|Any CPU.ActiveCfg = Debug|Any CPU
		{0BA16DCE-BD52-4058-95AB-8FB942C7B764}.Debug|Any CPU.Build.0 = Debug|Any CPU
		{0BA16DCE-BD52-4058-95AB-8FB942C7B764}.Release|Any CPU.ActiveCfg = Release|Any CPU
		{0BA16DCE-BD52-4058-95AB-8FB942C7B764}.Release|Any CPU.Build.0 = Release|Any CPU
		{7D895C95-B2E6-4A51-A309-061DBCF941E7}.Debug|Any CPU.ActiveCfg = Debug|Any CPU
		{7D895C95-B2E6-4A51-A309-061DBCF941E7}.Debug|Any CPU.Build.0 = Debug|Any CPU
		{7D895C95-B2E6-4A51-A309-061DBCF941E7}.Release|Any CPU.ActiveCfg = Release|Any CPU
		{7D895C95-B2E6-4A51-A309-061DBCF941E7}.Release|Any CPU.Build.0 = Release|Any CPU
		{33A783BC-682D-4380-A5C7-8EAD3EDA5771}.Debug|Any CPU.ActiveCfg = Debug|Any CPU
		{33A783BC-682D-4380-A5C7-8EAD3EDA5771}.Debug|Any CPU.Build.0 = Debug|Any CPU
		{33A783BC-682D-4380-A5C7-8EAD3EDA5771}.Release|Any CPU.ActiveCfg = Release|Any CPU
		{33A783BC-682D-4380-A5C7-8EAD3EDA5771}.Release|Any CPU.Build.0 = Release|Any CPU
	EndGlobalSection
	GlobalSection(SolutionProperties) = preSolution
		HideSolutionNode = FALSE
	EndGlobalSection
	GlobalSection(ExtensibilityGlobals) = postSolution
		SolutionGuid = {84C1AEC7-BB53-448F-B5B7-B2009A1CCCBD}
	EndGlobalSection
EndGlobal
